<?xml version="1.0" encoding="utf-8"?>
<Project ToolsVersion="4.0" xmlns="http://schemas.microsoft.com/developer/msbuild/2003">
  <ItemGroup>
    <Filter Include="Source Files">
      <UniqueIdentifier>{4FC737F1-C7A5-4376-A066-2A32D752A2FF}</UniqueIdentifier>
      <Extensions>cpp;c;cc;cxx;def;odl;idl;hpj;bat;asm;asmx</Extensions>
    </Filter>
    <Filter Include="Header Files">
      <UniqueIdentifier>{93995380-89BD-4b04-88EB-625FBE52EBFB}</UniqueIdentifier>
      <Extensions>h;hpp;hxx;hm;inl;inc;xsd</Extensions>
    </Filter>
    <Filter Include="Resource Files">
      <UniqueIdentifier>{67DA6AB6-F800-4c08-8B7A-83BB121AAD01}</UniqueIdentifier>
      <Extensions>rc;ico;cur;bmp;dlg;rc2;rct;bin;rgs;gif;jpg;jpeg;jpe;resx;tiff;tif;png;wav</Extensions>
    </Filter>
  </ItemGroup>
  <ItemGroup>
    <ClCompile Include="..\..\libsmdev\libsmdev_ata.c">
      <Filter>Source Files</Filter>
    </ClCompile>
    <ClCompile Include="..\..\libsmdev\libsmdev_debug.c">
      <Filter>Source Files</Filter>
    </ClCompile>
    <ClCompile Include="..\..\libsmdev\libsmdev_error.c">
      <Filter>Source Files</Filter>
    </ClCompile>
    <ClCompile Include="..\..\libsmdev\libsmdev_handle.c">
      <Filter>Source Files</Filter>
    </ClCompile>
    <ClCompile Include="..\..\libsmdev\libsmdev_metadata.c">
      <Filter>Source Files</Filter>
    </ClCompile>
    <ClCompile Include="..\..\libsmdev\libsmdev_notify.c">
      <Filter>Source Files</Filter>
    </ClCompile>
    <ClCompile Include="..\..\libsmdev\libsmdev_optical_disc.c">
      <Filter>Source Files</Filter>
    </ClCompile>
    <ClCompile Include="..\..\libsmdev\libsmdev_scsi.c">
      <Filter>Source Files</Filter>
    </ClCompile>
    <ClCompile Include="..\..\libsmdev\libsmdev_sector_range.c">
      <Filter>Source Files</Filter>
    </ClCompile>
    <ClCompile Include="..\..\libsmdev\libsmdev_string.c">
      <Filter>Source Files</Filter>
    </ClCompile>
    <ClCompile Include="..\..\libsmdev\libsmdev_support.c">
      <Filter>Source Files</Filter>
    </ClCompile>
    <ClCompile Include="..\..\libsmdev\libsmdev_track_value.c">
      <Filter>Source Files</Filter>
    </ClCompile>
    <ClCompile Include="..\..\libsmdev\libsmdev_usb.c">
      <Filter>Source Files</Filter>
    </ClCompile>
  </ItemGroup>
  <ItemGroup>
    <ClInclude Include="..\..\libsmdev\libsmdev_ata.h">
      <Filter>Header Files</Filter>
    </ClInclude>
    <ClInclude Include="..\..\libsmdev\libsmdev_codepage.h">
      <Filter>Header Files</Filter>
    </ClInclude>
    <ClInclude Include="..\..\libsmdev\libsmdev_debug.h">
      <Filter>Header Files</Filter>
    </ClInclude>
    <ClInclude Include="..\..\libsmdev\libsmdev_definitions.h">
      <Filter>Header Files</Filter>
    </ClInclude>
    <ClInclude Include="..\..\libsmdev\libsmdev_error.h">
      <Filter>Header Files</Filter>
    </ClInclude>
    <ClInclude Include="..\..\libsmdev\libsmdev_extern.h">
      <Filter>Header Files</Filter>
    </ClInclude>
    <ClInclude Include="..\..\libsmdev\libsmdev_handle.h">
      <Filter>Header Files</Filter>
    </ClInclude>
    <ClInclude Include="..\..\libsmdev\libsmdev_libcdata.h">
      <Filter>Header Files</Filter>
    </ClInclude>
    <ClInclude Include="..\..\libsmdev\libsmdev_libcerror.h">
      <Filter>Header Files</Filter>
    </ClInclude>
    <ClInclude Include="..\..\libsmdev\libsmdev_libcfile.h">
      <Filter>Header Files</Filter>
    </ClInclude>
    <ClInclude Include="..\..\libsmdev\libsmdev_libclocale.h">
      <Filter>Header Files</Filter>
    </ClInclude>
    <ClInclude Include="..\..\libsmdev\libsmdev_libcnotify.h">
      <Filter>Header Files</Filter>
    </ClInclude>
    <ClInclude Include="..\..\libsmdev\libsmdev_libcstring.h">
      <Filter>Header Files</Filter>
    </ClInclude>
    <ClInclude Include="..\..\libsmdev\libsmdev_libuna.h">
      <Filter>Header Files</Filter>
    </ClInclude>
    <ClInclude Include="..\..\libsmdev\libsmdev_metadata.h">
      <Filter>Header Files</Filter>
    </ClInclude>
    <ClInclude Include="..\..\libsmdev\libsmdev_notify.h">
      <Filter>Header Files</Filter>
    </ClInclude>
    <ClInclude Include="..\..\libsmdev\libsmdev_optical_disc.h">
      <Filter>Header Files</Filter>
    </ClInclude>
    <ClInclude Include="..\..\libsmdev\libsmdev_scsi.h">
      <Filter>Header Files</Filter>
    </ClInclude>
    <ClInclude Include="..\..\libsmdev\libsmdev_sector_range.h">
      <Filter>Header Files</Filter>
    </ClInclude>
    <ClInclude Include="..\..\libsmdev\libsmdev_string.h">
      <Filter>Header Files</Filter>
    </ClInclude>
    <ClInclude Include="..\..\libsmdev\libsmdev_support.h">
      <Filter>Header Files</Filter>
    </ClInclude>
    <ClInclude Include="..\..\libsmdev\libsmdev_track_value.h">
      <Filter>Header Files</Filter>
    </ClInclude>
    <ClInclude Include="..\..\libsmdev\libsmdev_types.h">
      <Filter>Header Files</Filter>
    </ClInclude>
    <ClInclude Include="..\..\libsmdev\libsmdev_unused.h">
      <Filter>Header Files</Filter>
    </ClInclude>
    <ClInclude Include="..\..\libsmdev\libsmdev_usb.h">
      <Filter>Header Files</Filter>
    </ClInclude>
  </ItemGroup>
</Project>