
Microsoft Visual Studio Solution File, Format Version 12.00
# Visual Studio 14
VisualStudioVersion = 14.0.25123.0
MinimumVisualStudioVersion = 10.0.40219.1
Project("{8BC9CEB8-8B4A-11D0-8D11-00A0C91BC942}") = "libewf_dll", "libewf_dll\libewf_dll.vcxproj", "{B5225323-AC67-411D-8FBA-199E9467FAB5}"
EndProject
Project("{8BC9CEB8-8B4A-11D0-8D11-00A0C91BC942}") = "ewfverify", "ewfverify\ewfverify.vcxproj", "{E47BC48E-4CDC-49CC-B82E-4468DE2540DE}"
EndProject
Project("{8BC9CEB8-8B4A-11D0-8D11-00A0C91BC942}") = "ewfinfo", "ewfinfo\ewfinfo.vcxproj", "{A7545354-5D50-49F6-A3D0-1F97F6228955}"
EndProject
Project("{8BC9CEB8-8B4A-11D0-8D11-00A0C91BC942}") = "ewfexport", "ewfexport\ewfexport.vcxproj", "{6B758D1D-FE05-49C6-836B-9B8AC8DC4FCD}"
EndProject
Project("{8BC9CEB8-8B4A-11D0-8D11-00A0C91BC942}") = "ewfacquire", "ewfacquire\ewfacquire.vcxproj", "{7D57918B-6B13-4F5D-BA51-04BB6047A91C}"
EndProject
Project("{8BC9CEB8-8B4A-11D0-8D11-00A0C91BC942}") = "ewfacquirestream", "ewfacquirestream\ewfacquirestream.vcxproj", "{A7DD27F1-73B6-447B-ADF4-424518923A98}"
EndProject
Project("{8BC9CEB8-8B4A-11D0-8D11-00A0C91BC942}") = "libbfio", "libbfio\libbfio.vcxproj", "{41CFAFBF-A1C8-4704-AFEF-31979E6452B9}"
EndProject
Project("{8BC9CEB8-8B4A-11D0-8D11-00A0C91BC942}") = "libuna", "libuna\libuna.vcxproj", "{BC27FF34-C859-4A1A-95D6-FC89952E1910}"
EndProject
Project("{8BC9CEB8-8B4A-11D0-8D11-00A0C91BC942}") = "libsmdev", "libsmdev\libsmdev.vcxproj", "{63788C33-8BBE-4754-A43C-6879CFED3255}"
EndProject
Project("{8BC9CEB8-8B4A-11D0-8D11-00A0C91BC942}") = "libsmraw", "libsmraw\libsmraw.vcxproj", "{6714BF47-8EA4-464F-B3D1-81B19332AD8A}"
EndProject
Project("{8BC9CEB8-8B4A-11D0-8D11-00A0C91BC942}") = "libcstring", "libcstring\libcstring.vcxproj", "{20FFC4C9-F44C-45F6-A827-4819B4DF3C9F}"
EndProject
Project("{8BC9CEB8-8B4A-11D0-8D11-00A0C91BC942}") = "zlib_dll", "zlib_dll\zlib_dll.vcxproj", "{33D32A22-B3DF-4963-B512-BAAC8FB4785D}"
EndProject
Project("{8BC9CEB8-8B4A-11D0-8D11-00A0C91BC942}") = "libfvalue", "libfvalue\libfvalue.vcxproj", "{85005D62-6AA7-4D8A-86CB-4061B23D7C6C}"
EndProject
Project("{8BC9CEB8-8B4A-11D0-8D11-00A0C91BC942}") = "libmfdata", "libmfdata\libmfdata.vcxproj", "{616BDC90-6906-4D02-8D24-46AE4A97554D}"
EndProject
Project("{8BC9CEB8-8B4A-11D0-8D11-00A0C91BC942}") = "ewf.net_dll", "ewf.net\ewf.net_dll.vcxproj", "{C9D11A1A-EF3A-4411-B8EA-1437B7511E5A}"
EndProject
Project("{8BC9CEB8-8B4A-11D0-8D11-00A0C91BC942}") = "libodraw", "libodraw\libodraw.vcxproj", "{D367F8A1-F693-4007-914C-6DF8E9C3B231}"
EndProject
Project("{8BC9CEB8-8B4A-11D0-8D11-00A0C91BC942}") = "libhmac", "libhmac\libhmac.vcxproj", "{D6DC307C-0CA0-4144-BB19-9C43B476280F}"
EndProject
Project("{8BC9CEB8-8B4A-11D0-8D11-00A0C91BC942}") = "libfcache", "libfcache\libfcache.vcxproj", "{3D19EAAD-9195-468B-BC5B-D147A89CA4F5}"
EndProject
Project("{8BC9CEB8-8B4A-11D0-8D11-00A0C91BC942}") = "libcerror", "libcerror\libcerror.vcxproj", "{BD3A95FA-A3DE-4B79-A889-A7E5ECA4B69C}"
EndProject
Project("{8BC9CEB8-8B4A-11D0-8D11-00A0C91BC942}") = "libcfile", "libcfile\libcfile.vcxproj", "{4C93BDD3-1804-47F3-9B34-F2DE0CAE1AE0}"
EndProject
Project("{8BC9CEB8-8B4A-11D0-8D11-00A0C91BC942}") = "libclocale", "libclocale\libclocale.vcxproj", "{CEDF8919-00B2-4D8A-88CC-84ADB2D2FF89}"
EndProject
Project("{8BC9CEB8-8B4A-11D0-8D11-00A0C91BC942}") = "libcnotify", "libcnotify\libcnotify.vcxproj", "{5304AD69-D449-4589-B2C9-E4607E56A51D}"
EndProject
Project("{8BC9CEB8-8B4A-11D0-8D11-00A0C91BC942}") = "libcsystem", "libcsystem\libcsystem.vcxproj", "{A2B861D5-6751-43A9-B085-8D48F8754AC5}"
EndProject
Project("{8BC9CEB8-8B4A-11D0-8D11-00A0C91BC942}") = "libcpath", "libcpath\libcpath.vcxproj", "{3FFB9C05-1145-45A7-9ADE-5C8D70FBD7CA}"
EndProject
Project("{8BC9CEB8-8B4A-11D0-8D11-00A0C91BC942}") = "libcsplit", "libcsplit\libcsplit.vcxproj", "{B86FB73A-4ACC-42DE-9545-586D93955B06}"
EndProject
Project("{8BC9CEB8-8B4A-11D0-8D11-00A0C91BC942}") = "libcaes", "libcaes\libcaes.vcxproj", "{E2E45353-D420-4921-A2CF-59D9047262F8}"
EndProject
Project("{8BC9CEB8-8B4A-11D0-8D11-00A0C91BC942}") = "ewfrecover", "ewfrecover\ewfrecover.vcxproj", "{B8FA75BE-7C57-46C3-8A3E-A0A4D15B84F6}"
EndProject
Project("{8BC9CEB8-8B4A-11D0-8D11-00A0C91BC942}") = "libcdata", "libcdata\libcdata.vcxproj", "{B9332DC8-7594-47DF-80C1-38922E0F4DFB}"
EndProject
Project("{8BC9CEB8-8B4A-11D0-8D11-00A0C91BC942}") = "pyewf", "pyewf\pyewf.vcxproj", "{E221DB4C-B254-47CB-993D-DC7FED580DA1}"
EndProject
Global
	GlobalSection(SolutionConfigurationPlatforms) = preSolution
		Release|Win32 = Release|Win32
		Release|x64 = Release|x64
		VSDebug|Win32 = VSDebug|Win32
		VSDebug|x64 = VSDebug|x64
	EndGlobalSection
	GlobalSection(ProjectConfigurationPlatforms) = postSolution
		{B5225323-AC67-411D-8FBA-199E9467FAB5}.Release|Win32.ActiveCfg = Release|Win32
		{B5225323-AC67-411D-8FBA-199E9467FAB5}.Release|Win32.Build.0 = Release|Win32
		{B5225323-AC67-411D-8FBA-199E9467FAB5}.Release|x64.ActiveCfg = Release|x64
		{B5225323-AC67-411D-8FBA-199E9467FAB5}.Release|x64.Build.0 = Release|x64
		{B5225323-AC67-411D-8FBA-199E9467FAB5}.VSDebug|Win32.ActiveCfg = VSDebug|Win32
		{B5225323-AC67-411D-8FBA-199E9467FAB5}.VSDebug|Win32.Build.0 = VSDebug|Win32
		{B5225323-AC67-411D-8FBA-199E9467FAB5}.VSDebug|x64.ActiveCfg = VSDebug|x64
		{B5225323-AC67-411D-8FBA-199E9467FAB5}.VSDebug|x64.Build.0 = VSDebug|x64
		{E47BC48E-4CDC-49CC-B82E-4468DE2540DE}.Release|Win32.ActiveCfg = Release|Win32
		{E47BC48E-4CDC-49CC-B82E-4468DE2540DE}.Release|Win32.Build.0 = Release|Win32
		{E47BC48E-4CDC-49CC-B82E-4468DE2540DE}.Release|x64.ActiveCfg = Release|x64
		{E47BC48E-4CDC-49CC-B82E-4468DE2540DE}.Release|x64.Build.0 = Release|x64
		{E47BC48E-4CDC-49CC-B82E-4468DE2540DE}.VSDebug|Win32.ActiveCfg = VSDebug|Win32
		{E47BC48E-4CDC-49CC-B82E-4468DE2540DE}.VSDebug|Win32.Build.0 = VSDebug|Win32
		{E47BC48E-4CDC-49CC-B82E-4468DE2540DE}.VSDebug|x64.ActiveCfg = VSDebug|x64
		{E47BC48E-4CDC-49CC-B82E-4468DE2540DE}.VSDebug|x64.Build.0 = VSDebug|x64
		{A7545354-5D50-49F6-A3D0-1F97F6228955}.Release|Win32.ActiveCfg = Release|Win32
		{A7545354-5D50-49F6-A3D0-1F97F6228955}.Release|Win32.Build.0 = Release|Win32
		{A7545354-5D50-49F6-A3D0-1F97F6228955}.Release|x64.ActiveCfg = Release|x64
		{A7545354-5D50-49F6-A3D0-1F97F6228955}.Release|x64.Build.0 = Release|x64
		{A7545354-5D50-49F6-A3D0-1F97F6228955}.VSDebug|Win32.ActiveCfg = VSDebug|Win32
		{A7545354-5D50-49F6-A3D0-1F97F6228955}.VSDebug|Win32.Build.0 = VSDebug|Win32
		{A7545354-5D50-49F6-A3D0-1F97F6228955}.VSDebug|x64.ActiveCfg = VSDebug|x64
		{A7545354-5D50-49F6-A3D0-1F97F6228955}.VSDebug|x64.Build.0 = VSDebug|x64
		{6B758D1D-FE05-49C6-836B-9B8AC8DC4FCD}.Release|Win32.ActiveCfg = Release|Win32
		{6B758D1D-FE05-49C6-836B-9B8AC8DC4FCD}.Release|Win32.Build.0 = Release|Win32
		{6B758D1D-FE05-49C6-836B-9B8AC8DC4FCD}.Release|x64.ActiveCfg = Release|x64
		{6B758D1D-FE05-49C6-836B-9B8AC8DC4FCD}.Release|x64.Build.0 = Release|x64
		{6B758D1D-FE05-49C6-836B-9B8AC8DC4FCD}.VSDebug|Win32.ActiveCfg = VSDebug|Win32
		{6B758D1D-FE05-49C6-836B-9B8AC8DC4FCD}.VSDebug|Win32.Build.0 = VSDebug|Win32
		{6B758D1D-FE05-49C6-836B-9B8AC8DC4FCD}.VSDebug|x64.ActiveCfg = VSDebug|x64
		{6B758D1D-FE05-49C6-836B-9B8AC8DC4FCD}.VSDebug|x64.Build.0 = VSDebug|x64
		{7D57918B-6B13-4F5D-BA51-04BB6047A91C}.Release|Win32.ActiveCfg = Release|Win32
		{7D57918B-6B13-4F5D-BA51-04BB6047A91C}.Release|Win32.Build.0 = Release|Win32
		{7D57918B-6B13-4F5D-BA51-04BB6047A91C}.Release|x64.ActiveCfg = Release|x64
		{7D57918B-6B13-4F5D-BA51-04BB6047A91C}.Release|x64.Build.0 = Release|x64
		{7D57918B-6B13-4F5D-BA51-04BB6047A91C}.VSDebug|Win32.ActiveCfg = VSDebug|Win32
		{7D57918B-6B13-4F5D-BA51-04BB6047A91C}.VSDebug|Win32.Build.0 = VSDebug|Win32
		{7D57918B-6B13-4F5D-BA51-04BB6047A91C}.VSDebug|x64.ActiveCfg = VSDebug|x64
		{7D57918B-6B13-4F5D-BA51-04BB6047A91C}.VSDebug|x64.Build.0 = VSDebug|x64
		{A7DD27F1-73B6-447B-ADF4-424518923A98}.Release|Win32.ActiveCfg = Release|Win32
		{A7DD27F1-73B6-447B-ADF4-424518923A98}.Release|Win32.Build.0 = Release|Win32
		{A7DD27F1-73B6-447B-ADF4-424518923A98}.Release|x64.ActiveCfg = Release|x64
		{A7DD27F1-73B6-447B-ADF4-424518923A98}.Release|x64.Build.0 = Release|x64
		{A7DD27F1-73B6-447B-ADF4-424518923A98}.VSDebug|Win32.ActiveCfg = VSDebug|Win32
		{A7DD27F1-73B6-447B-ADF4-424518923A98}.VSDebug|Win32.Build.0 = VSDebug|Win32
		{A7DD27F1-73B6-447B-ADF4-424518923A98}.VSDebug|x64.ActiveCfg = VSDebug|x64
		{A7DD27F1-73B6-447B-ADF4-424518923A98}.VSDebug|x64.Build.0 = VSDebug|x64
		{41CFAFBF-A1C8-4704-AFEF-31979E6452B9}.Release|Win32.ActiveCfg = Release|Win32
		{41CFAFBF-A1C8-4704-AFEF-31979E6452B9}.Release|Win32.Build.0 = Release|Win32
		{41CFAFBF-A1C8-4704-AFEF-31979E6452B9}.Release|x64.ActiveCfg = Release|x64
		{41CFAFBF-A1C8-4704-AFEF-31979E6452B9}.Release|x64.Build.0 = Release|x64
		{41CFAFBF-A1C8-4704-AFEF-31979E6452B9}.VSDebug|Win32.ActiveCfg = VSDebug|Win32
		{41CFAFBF-A1C8-4704-AFEF-31979E6452B9}.VSDebug|Win32.Build.0 = VSDebug|Win32
		{41CFAFBF-A1C8-4704-AFEF-31979E6452B9}.VSDebug|x64.ActiveCfg = VSDebug|x64
		{41CFAFBF-A1C8-4704-AFEF-31979E6452B9}.VSDebug|x64.Build.0 = VSDebug|x64
		{BC27FF34-C859-4A1A-95D6-FC89952E1910}.Release|Win32.ActiveCfg = Release|Win32
		{BC27FF34-C859-4A1A-95D6-FC89952E1910}.Release|Win32.Build.0 = Release|Win32
		{BC27FF34-C859-4A1A-95D6-FC89952E1910}.Release|x64.ActiveCfg = Release|x64
		{BC27FF34-C859-4A1A-95D6-FC89952E1910}.Release|x64.Build.0 = Release|x64
		{BC27FF34-C859-4A1A-95D6-FC89952E1910}.VSDebug|Win32.ActiveCfg = VSDebug|Win32
		{BC27FF34-C859-4A1A-95D6-FC89952E1910}.VSDebug|Win32.Build.0 = VSDebug|Win32
		{BC27FF34-C859-4A1A-95D6-FC89952E1910}.VSDebug|x64.ActiveCfg = VSDebug|x64
		{BC27FF34-C859-4A1A-95D6-FC89952E1910}.VSDebug|x64.Build.0 = VSDebug|x64
		{63788C33-8BBE-4754-A43C-6879CFED3255}.Release|Win32.ActiveCfg = Release|Win32
		{63788C33-8BBE-4754-A43C-6879CFED3255}.Release|Win32.Build.0 = Release|Win32
		{63788C33-8BBE-4754-A43C-6879CFED3255}.Release|x64.ActiveCfg = Release|x64
		{63788C33-8BBE-4754-A43C-6879CFED3255}.Release|x64.Build.0 = Release|x64
		{63788C33-8BBE-4754-A43C-6879CFED3255}.VSDebug|Win32.ActiveCfg = VSDebug|Win32
		{63788C33-8BBE-4754-A43C-6879CFED3255}.VSDebug|Win32.Build.0 = VSDebug|Win32
		{63788C33-8BBE-4754-A43C-6879CFED3255}.VSDebug|x64.ActiveCfg = VSDebug|x64
		{63788C33-8BBE-4754-A43C-6879CFED3255}.VSDebug|x64.Build.0 = VSDebug|x64
		{6714BF47-8EA4-464F-B3D1-81B19332AD8A}.Release|Win32.ActiveCfg = Release|Win32
		{6714BF47-8EA4-464F-B3D1-81B19332AD8A}.Release|Win32.Build.0 = Release|Win32
		{6714BF47-8EA4-464F-B3D1-81B19332AD8A}.Release|x64.ActiveCfg = Release|x64
		{6714BF47-8EA4-464F-B3D1-81B19332AD8A}.Release|x64.Build.0 = Release|x64
		{6714BF47-8EA4-464F-B3D1-81B19332AD8A}.VSDebug|Win32.ActiveCfg = VSDebug|Win32
		{6714BF47-8EA4-464F-B3D1-81B19332AD8A}.VSDebug|Win32.Build.0 = VSDebug|Win32
		{6714BF47-8EA4-464F-B3D1-81B19332AD8A}.VSDebug|x64.ActiveCfg = VSDebug|x64
		{6714BF47-8EA4-464F-B3D1-81B19332AD8A}.VSDebug|x64.Build.0 = VSDebug|x64
		{20FFC4C9-F44C-45F6-A827-4819B4DF3C9F}.Release|Win32.ActiveCfg = Release|Win32
		{20FFC4C9-F44C-45F6-A827-4819B4DF3C9F}.Release|Win32.Build.0 = Release|Win32
		{20FFC4C9-F44C-45F6-A827-4819B4DF3C9F}.Release|x64.ActiveCfg = Release|x64
		{20FFC4C9-F44C-45F6-A827-4819B4DF3C9F}.Release|x64.Build.0 = Release|x64
		{20FFC4C9-F44C-45F6-A827-4819B4DF3C9F}.VSDebug|Win32.ActiveCfg = VSDebug|Win32
		{20FFC4C9-F44C-45F6-A827-4819B4DF3C9F}.VSDebug|Win32.Build.0 = VSDebug|Win32
		{20FFC4C9-F44C-45F6-A827-4819B4DF3C9F}.VSDebug|x64.ActiveCfg = VSDebug|x64
		{20FFC4C9-F44C-45F6-A827-4819B4DF3C9F}.VSDebug|x64.Build.0 = VSDebug|x64
		{33D32A22-B3DF-4963-B512-BAAC8FB4785D}.Release|Win32.ActiveCfg = Release|Win32
		{33D32A22-B3DF-4963-B512-BAAC8FB4785D}.Release|Win32.Build.0 = Release|Win32
		{33D32A22-B3DF-4963-B512-BAAC8FB4785D}.Release|x64.ActiveCfg = Release|x64
		{33D32A22-B3DF-4963-B512-BAAC8FB4785D}.Release|x64.Build.0 = Release|x64
		{33D32A22-B3DF-4963-B512-BAAC8FB4785D}.VSDebug|Win32.ActiveCfg = VSDebug|Win32
		{33D32A22-B3DF-4963-B512-BAAC8FB4785D}.VSDebug|Win32.Build.0 = VSDebug|Win32
		{33D32A22-B3DF-4963-B512-BAAC8FB4785D}.VSDebug|x64.ActiveCfg = VSDebug|x64
		{33D32A22-B3DF-4963-B512-BAAC8FB4785D}.VSDebug|x64.Build.0 = VSDebug|x64
		{85005D62-6AA7-4D8A-86CB-4061B23D7C6C}.Release|Win32.ActiveCfg = Release|Win32
		{85005D62-6AA7-4D8A-86CB-4061B23D7C6C}.Release|Win32.Build.0 = Release|Win32
		{85005D62-6AA7-4D8A-86CB-4061B23D7C6C}.Release|x64.ActiveCfg = Release|x64
		{85005D62-6AA7-4D8A-86CB-4061B23D7C6C}.Release|x64.Build.0 = Release|x64
		{85005D62-6AA7-4D8A-86CB-4061B23D7C6C}.VSDebug|Win32.ActiveCfg = VSDebug|Win32
		{85005D62-6AA7-4D8A-86CB-4061B23D7C6C}.VSDebug|Win32.Build.0 = VSDebug|Win32
		{85005D62-6AA7-4D8A-86CB-4061B23D7C6C}.VSDebug|x64.ActiveCfg = VSDebug|x64
		{85005D62-6AA7-4D8A-86CB-4061B23D7C6C}.VSDebug|x64.Build.0 = VSDebug|x64
		{616BDC90-6906-4D02-8D24-46AE4A97554D}.Release|Win32.ActiveCfg = Release|Win32
		{616BDC90-6906-4D02-8D24-46AE4A97554D}.Release|Win32.Build.0 = Release|Win32
		{616BDC90-6906-4D02-8D24-46AE4A97554D}.Release|x64.ActiveCfg = Release|x64
		{616BDC90-6906-4D02-8D24-46AE4A97554D}.Release|x64.Build.0 = Release|x64
		{616BDC90-6906-4D02-8D24-46AE4A97554D}.VSDebug|Win32.ActiveCfg = VSDebug|Win32
		{616BDC90-6906-4D02-8D24-46AE4A97554D}.VSDebug|Win32.Build.0 = VSDebug|Win32
		{616BDC90-6906-4D02-8D24-46AE4A97554D}.VSDebug|x64.ActiveCfg = VSDebug|x64
		{616BDC90-6906-4D02-8D24-46AE4A97554D}.VSDebug|x64.Build.0 = VSDebug|x64
		{C9D11A1A-EF3A-4411-B8EA-1437B7511E5A}.Release|Win32.ActiveCfg = Release|Win32
		{C9D11A1A-EF3A-4411-B8EA-1437B7511E5A}.Release|Win32.Build.0 = Release|Win32
		{C9D11A1A-EF3A-4411-B8EA-1437B7511E5A}.Release|x64.ActiveCfg = Release|x64
		{C9D11A1A-EF3A-4411-B8EA-1437B7511E5A}.Release|x64.Build.0 = Release|x64
		{C9D11A1A-EF3A-4411-B8EA-1437B7511E5A}.VSDebug|Win32.ActiveCfg = VSDebug|Win32
		{C9D11A1A-EF3A-4411-B8EA-1437B7511E5A}.VSDebug|Win32.Build.0 = VSDebug|Win32
		{C9D11A1A-EF3A-4411-B8EA-1437B7511E5A}.VSDebug|x64.ActiveCfg = VSDebug|x64
		{C9D11A1A-EF3A-4411-B8EA-1437B7511E5A}.VSDebug|x64.Build.0 = VSDebug|x64
		{D367F8A1-F693-4007-914C-6DF8E9C3B231}.Release|Win32.ActiveCfg = Release|Win32
		{D367F8A1-F693-4007-914C-6DF8E9C3B231}.Release|Win32.Build.0 = Release|Win32
		{D367F8A1-F693-4007-914C-6DF8E9C3B231}.Release|x64.ActiveCfg = Release|x64
		{D367F8A1-F693-4007-914C-6DF8E9C3B231}.Release|x64.Build.0 = Release|x64
		{D367F8A1-F693-4007-914C-6DF8E9C3B231}.VSDebug|Win32.ActiveCfg = VSDebug|Win32
		{D367F8A1-F693-4007-914C-6DF8E9C3B231}.VSDebug|Win32.Build.0 = VSDebug|Win32
		{D367F8A1-F693-4007-914C-6DF8E9C3B231}.VSDebug|x64.ActiveCfg = VSDebug|x64
		{D367F8A1-F693-4007-914C-6DF8E9C3B231}.VSDebug|x64.Build.0 = VSDebug|x64
		{D6DC307C-0CA0-4144-BB19-9C43B476280F}.Release|Win32.ActiveCfg = Release|Win32
		{D6DC307C-0CA0-4144-BB19-9C43B476280F}.Release|Win32.Build.0 = Release|Win32
		{D6DC307C-0CA0-4144-BB19-9C43B476280F}.Release|x64.ActiveCfg = Release|x64
		{D6DC307C-0CA0-4144-BB19-9C43B476280F}.Release|x64.Build.0 = Release|x64
		{D6DC307C-0CA0-4144-BB19-9C43B476280F}.VSDebug|Win32.ActiveCfg = VSDebug|Win32
		{D6DC307C-0CA0-4144-BB19-9C43B476280F}.VSDebug|Win32.Build.0 = VSDebug|Win32
		{D6DC307C-0CA0-4144-BB19-9C43B476280F}.VSDebug|x64.ActiveCfg = VSDebug|x64
		{D6DC307C-0CA0-4144-BB19-9C43B476280F}.VSDebug|x64.Build.0 = VSDebug|x64
		{3D19EAAD-9195-468B-BC5B-D147A89CA4F5}.Release|Win32.ActiveCfg = Release|Win32
		{3D19EAAD-9195-468B-BC5B-D147A89CA4F5}.Release|Win32.Build.0 = Release|Win32
		{3D19EAAD-9195-468B-BC5B-D147A89CA4F5}.Release|x64.ActiveCfg = Release|x64
		{3D19EAAD-9195-468B-BC5B-D147A89CA4F5}.Release|x64.Build.0 = Release|x64
		{3D19EAAD-9195-468B-BC5B-D147A89CA4F5}.VSDebug|Win32.ActiveCfg = VSDebug|Win32
		{3D19EAAD-9195-468B-BC5B-D147A89CA4F5}.VSDebug|Win32.Build.0 = VSDebug|Win32
		{3D19EAAD-9195-468B-BC5B-D147A89CA4F5}.VSDebug|x64.ActiveCfg = VSDebug|x64
		{3D19EAAD-9195-468B-BC5B-D147A89CA4F5}.VSDebug|x64.Build.0 = VSDebug|x64
		{BD3A95FA-A3DE-4B79-A889-A7E5ECA4B69C}.Release|Win32.ActiveCfg = Release|Win32
		{BD3A95FA-A3DE-4B79-A889-A7E5ECA4B69C}.Release|Win32.Build.0 = Release|Win32
		{BD3A95FA-A3DE-4B79-A889-A7E5ECA4B69C}.Release|x64.ActiveCfg = Release|x64
		{BD3A95FA-A3DE-4B79-A889-A7E5ECA4B69C}.Release|x64.Build.0 = Release|x64
		{BD3A95FA-A3DE-4B79-A889-A7E5ECA4B69C}.VSDebug|Win32.ActiveCfg = VSDebug|Win32
		{BD3A95FA-A3DE-4B79-A889-A7E5ECA4B69C}.VSDebug|Win32.Build.0 = VSDebug|Win32
		{BD3A95FA-A3DE-4B79-A889-A7E5ECA4B69C}.VSDebug|x64.ActiveCfg = VSDebug|x64
		{BD3A95FA-A3DE-4B79-A889-A7E5ECA4B69C}.VSDebug|x64.Build.0 = VSDebug|x64
		{4C93BDD3-1804-47F3-9B34-F2DE0CAE1AE0}.Release|Win32.ActiveCfg = Release|Win32
		{4C93BDD3-1804-47F3-9B34-F2DE0CAE1AE0}.Release|Win32.Build.0 = Release|Win32
		{4C93BDD3-1804-47F3-9B34-F2DE0CAE1AE0}.Release|x64.ActiveCfg = Release|x64
		{4C93BDD3-1804-47F3-9B34-F2DE0CAE1AE0}.Release|x64.Build.0 = Release|x64
		{4C93BDD3-1804-47F3-9B34-F2DE0CAE1AE0}.VSDebug|Win32.ActiveCfg = VSDebug|Win32
		{4C93BDD3-1804-47F3-9B34-F2DE0CAE1AE0}.VSDebug|Win32.Build.0 = VSDebug|Win32
		{4C93BDD3-1804-47F3-9B34-F2DE0CAE1AE0}.VSDebug|x64.ActiveCfg = VSDebug|x64
		{4C93BDD3-1804-47F3-9B34-F2DE0CAE1AE0}.VSDebug|x64.Build.0 = VSDebug|x64
		{CEDF8919-00B2-4D8A-88CC-84ADB2D2FF89}.Release|Win32.ActiveCfg = Release|Win32
		{CEDF8919-00B2-4D8A-88CC-84ADB2D2FF89}.Release|Win32.Build.0 = Release|Win32
		{CEDF8919-00B2-4D8A-88CC-84ADB2D2FF89}.Release|x64.ActiveCfg = Release|x64
		{CEDF8919-00B2-4D8A-88CC-84ADB2D2FF89}.Release|x64.Build.0 = Release|x64
		{CEDF8919-00B2-4D8A-88CC-84ADB2D2FF89}.VSDebug|Win32.ActiveCfg = VSDebug|Win32
		{CEDF8919-00B2-4D8A-88CC-84ADB2D2FF89}.VSDebug|Win32.Build.0 = VSDebug|Win32
		{CEDF8919-00B2-4D8A-88CC-84ADB2D2FF89}.VSDebug|x64.ActiveCfg = VSDebug|x64
		{CEDF8919-00B2-4D8A-88CC-84ADB2D2FF89}.VSDebug|x64.Build.0 = VSDebug|x64
		{5304AD69-D449-4589-B2C9-E4607E56A51D}.Release|Win32.ActiveCfg = Release|Win32
		{5304AD69-D449-4589-B2C9-E4607E56A51D}.Release|Win32.Build.0 = Release|Win32
		{5304AD69-D449-4589-B2C9-E4607E56A51D}.Release|x64.ActiveCfg = Release|x64
		{5304AD69-D449-4589-B2C9-E4607E56A51D}.Release|x64.Build.0 = Release|x64
		{5304AD69-D449-4589-B2C9-E4607E56A51D}.VSDebug|Win32.ActiveCfg = VSDebug|Win32
		{5304AD69-D449-4589-B2C9-E4607E56A51D}.VSDebug|Win32.Build.0 = VSDebug|Win32
		{5304AD69-D449-4589-B2C9-E4607E56A51D}.VSDebug|x64.ActiveCfg = VSDebug|x64
		{5304AD69-D449-4589-B2C9-E4607E56A51D}.VSDebug|x64.Build.0 = VSDebug|x64
		{A2B861D5-6751-43A9-B085-8D48F8754AC5}.Release|Win32.ActiveCfg = Release|Win32
		{A2B861D5-6751-43A9-B085-8D48F8754AC5}.Release|Win32.Build.0 = Release|Win32
		{A2B861D5-6751-43A9-B085-8D48F8754AC5}.Release|x64.ActiveCfg = Release|x64
		{A2B861D5-6751-43A9-B085-8D48F8754AC5}.Release|x64.Build.0 = Release|x64
		{A2B861D5-6751-43A9-B085-8D48F8754AC5}.VSDebug|Win32.ActiveCfg = VSDebug|Win32
		{A2B861D5-6751-43A9-B085-8D48F8754AC5}.VSDebug|Win32.Build.0 = VSDebug|Win32
		{A2B861D5-6751-43A9-B085-8D48F8754AC5}.VSDebug|x64.ActiveCfg = VSDebug|x64
		{A2B861D5-6751-43A9-B085-8D48F8754AC5}.VSDebug|x64.Build.0 = VSDebug|x64
		{3FFB9C05-1145-45A7-9ADE-5C8D70FBD7CA}.Release|Win32.ActiveCfg = Release|Win32
		{3FFB9C05-1145-45A7-9ADE-5C8D70FBD7CA}.Release|Win32.Build.0 = Release|Win32
		{3FFB9C05-1145-45A7-9ADE-5C8D70FBD7CA}.Release|x64.ActiveCfg = Release|x64
		{3FFB9C05-1145-45A7-9ADE-5C8D70FBD7CA}.Release|x64.Build.0 = Release|x64
		{3FFB9C05-1145-45A7-9ADE-5C8D70FBD7CA}.VSDebug|Win32.ActiveCfg = VSDebug|Win32
		{3FFB9C05-1145-45A7-9ADE-5C8D70FBD7CA}.VSDebug|Win32.Build.0 = VSDebug|Win32
		{3FFB9C05-1145-45A7-9ADE-5C8D70FBD7CA}.VSDebug|x64.ActiveCfg = VSDebug|x64
		{3FFB9C05-1145-45A7-9ADE-5C8D70FBD7CA}.VSDebug|x64.Build.0 = VSDebug|x64
		{B86FB73A-4ACC-42DE-9545-586D93955B06}.Release|Win32.ActiveCfg = Release|Win32
		{B86FB73A-4ACC-42DE-9545-586D93955B06}.Release|Win32.Build.0 = Release|Win32
		{B86FB73A-4ACC-42DE-9545-586D93955B06}.Release|x64.ActiveCfg = Release|x64
		{B86FB73A-4ACC-42DE-9545-586D93955B06}.Release|x64.Build.0 = Release|x64
		{B86FB73A-4ACC-42DE-9545-586D93955B06}.VSDebug|Win32.ActiveCfg = VSDebug|Win32
		{B86FB73A-4ACC-42DE-9545-586D93955B06}.VSDebug|Win32.Build.0 = VSDebug|Win32
		{B86FB73A-4ACC-42DE-9545-586D93955B06}.VSDebug|x64.ActiveCfg = VSDebug|x64
		{B86FB73A-4ACC-42DE-9545-586D93955B06}.VSDebug|x64.Build.0 = VSDebug|x64
		{E2E45353-D420-4921-A2CF-59D9047262F8}.Release|Win32.ActiveCfg = Release|Win32
		{E2E45353-D420-4921-A2CF-59D9047262F8}.Release|Win32.Build.0 = Release|Win32
		{E2E45353-D420-4921-A2CF-59D9047262F8}.Release|x64.ActiveCfg = Release|x64
		{E2E45353-D420-4921-A2CF-59D9047262F8}.Release|x64.Build.0 = Release|x64
		{E2E45353-D420-4921-A2CF-59D9047262F8}.VSDebug|Win32.ActiveCfg = VSDebug|Win32
		{E2E45353-D420-4921-A2CF-59D9047262F8}.VSDebug|Win32.Build.0 = VSDebug|Win32
		{E2E45353-D420-4921-A2CF-59D9047262F8}.VSDebug|x64.ActiveCfg = VSDebug|x64
		{E2E45353-D420-4921-A2CF-59D9047262F8}.VSDebug|x64.Build.0 = VSDebug|x64
		{B8FA75BE-7C57-46C3-8A3E-A0A4D15B84F6}.Release|Win32.ActiveCfg = Release|Win32
		{B8FA75BE-7C57-46C3-8A3E-A0A4D15B84F6}.Release|Win32.Build.0 = Release|Win32
		{B8FA75BE-7C57-46C3-8A3E-A0A4D15B84F6}.Release|x64.ActiveCfg = Release|x64
		{B8FA75BE-7C57-46C3-8A3E-A0A4D15B84F6}.Release|x64.Build.0 = Release|x64
		{B8FA75BE-7C57-46C3-8A3E-A0A4D15B84F6}.VSDebug|Win32.ActiveCfg = VSDebug|Win32
		{B8FA75BE-7C57-46C3-8A3E-A0A4D15B84F6}.VSDebug|Win32.Build.0 = VSDebug|Win32
		{B8FA75BE-7C57-46C3-8A3E-A0A4D15B84F6}.VSDebug|x64.ActiveCfg = VSDebug|x64
		{B8FA75BE-7C57-46C3-8A3E-A0A4D15B84F6}.VSDebug|x64.Build.0 = VSDebug|x64
		{B9332DC8-7594-47DF-80C1-38922E0F4DFB}.Release|Win32.ActiveCfg = Release|Win32
		{B9332DC8-7594-47DF-80C1-38922E0F4DFB}.Release|Win32.Build.0 = Release|Win32
		{B9332DC8-7594-47DF-80C1-38922E0F4DFB}.Release|x64.ActiveCfg = Release|x64
		{B9332DC8-7594-47DF-80C1-38922E0F4DFB}.Release|x64.Build.0 = Release|x64
		{B9332DC8-7594-47DF-80C1-38922E0F4DFB}.VSDebug|Win32.ActiveCfg = VSDebug|Win32
		{B9332DC8-7594-47DF-80C1-38922E0F4DFB}.VSDebug|Win32.Build.0 = VSDebug|Win32
		{B9332DC8-7594-47DF-80C1-38922E0F4DFB}.VSDebug|x64.ActiveCfg = VSDebug|x64
		{B9332DC8-7594-47DF-80C1-38922E0F4DFB}.VSDebug|x64.Build.0 = VSDebug|x64
		{E221DB4C-B254-47CB-993D-DC7FED580DA1}.Release|Win32.ActiveCfg = Release|Win32
		{E221DB4C-B254-47CB-993D-DC7FED580DA1}.Release|Win32.Build.0 = Release|Win32
		{E221DB4C-B254-47CB-993D-DC7FED580DA1}.Release|x64.ActiveCfg = Release|x64
		{E221DB4C-B254-47CB-993D-DC7FED580DA1}.Release|x64.Build.0 = Release|x64
		{E221DB4C-B254-47CB-993D-DC7FED580DA1}.VSDebug|Win32.ActiveCfg = VSDebug|Win32
		{E221DB4C-B254-47CB-993D-DC7FED580DA1}.VSDebug|Win32.Build.0 = VSDebug|Win32
		{E221DB4C-B254-47CB-993D-DC7FED580DA1}.VSDebug|x64.ActiveCfg = VSDebug|x64
		{E221DB4C-B254-47CB-993D-DC7FED580DA1}.VSDebug|x64.Build.0 = VSDebug|x64
	EndGlobalSection
	GlobalSection(SolutionProperties) = preSolution
		HideSolutionNode = FALSE
	EndGlobalSection
EndGlobal
